
Microsoft Visual Studio Solution File, Format Version 11.00
# Visual Studio 2010
Project("{FAE04EC0-301F-11D3-BF4B-00C04F79EFBC}") = "AirRaceProject", "Assembly-CSharp-firstpass.csproj", "{13A24DEB-EE82-33BB-1E5D-1E4005B89958}"
EndProject
Project("{FAE04EC0-301F-11D3-BF4B-00C04F79EFBC}") = "AirRaceProject", "Assembly-CSharp.csproj", "{187A3C50-9DBD-46CD-E4F6-8E6C58BBA22C}"
EndProject
Global
	GlobalSection(SolutionConfigurationPlatforms) = preSolution
		Debug|Any CPU = Debug|Any CPU
		Release|Any CPU = Release|Any CPU
	EndGlobalSection
	GlobalSection(ProjectConfigurationPlatforms) = postSolution
		{13A24DEB-EE82-33BB-1E5D-1E4005B89958}.Debug|Any CPU.ActiveCfg = Debug|Any CPU
		{13A24DEB-EE82-33BB-1E5D-1E4005B89958}.Debug|Any CPU.Build.0 = Debug|Any CPU
		{13A24DEB-EE82-33BB-1E5D-1E4005B89958}.Release|Any CPU.ActiveCfg = Release|Any CPU
		{13A24DEB-EE82-33BB-1E5D-1E4005B89958}.Release|Any CPU.Build.0 = Release|Any CPU
		{187A3C50-9DBD-46CD-E4F6-8E6C58BBA22C}.Debug|Any CPU.ActiveCfg = Debug|Any CPU
		{187A3C50-9DBD-46CD-E4F6-8E6C58BBA22C}.Debug|Any CPU.Build.0 = Debug|Any CPU
		{187A3C50-9DBD-46CD-E4F6-8E6C58BBA22C}.Release|Any CPU.ActiveCfg = Release|Any CPU
		{187A3C50-9DBD-46CD-E4F6-8E6C58BBA22C}.Release|Any CPU.Build.0 = Release|Any CPU
	EndGlobalSection
	GlobalSection(SolutionProperties) = preSolution
		HideSolutionNode = FALSE
	EndGlobalSection
	GlobalSection(MonoDevelopProperties) = preSolution
		StartupItem = Assembly-CSharp.csproj
	EndGlobalSection
EndGlobal
