
Microsoft Visual Studio Solution File, Format Version 11.00
# Visual Studio 2010
Project("{FAE04EC0-301F-11D3-BF4B-00C04F79EFBC}") = "airRace", "Assembly-CSharp-firstpass.csproj", "{C90A8BD8-1931-EC0F-F136-C69A1E742251}"
EndProject
Project("{FAE04EC0-301F-11D3-BF4B-00C04F79EFBC}") = "airRace", "Assembly-CSharp.csproj", "{095DBEFD-CEAB-FE19-B869-6B8AD7FC371D}"
EndProject
Project("{FAE04EC0-301F-11D3-BF4B-00C04F79EFBC}") = "airRace", "Assembly-CSharp-Editor-firstpass.csproj", "{3EF422E9-5BDC-B4EB-F084-259EF86975F1}"
EndProject
Project("{FAE04EC0-301F-11D3-BF4B-00C04F79EFBC}") = "airRace", "Assembly-CSharp-Editor.csproj", "{0E884BCA-A63F-0C93-DB38-85010C4B8476}"
EndProject
Global
	GlobalSection(SolutionConfigurationPlatforms) = preSolution
		Debug|Any CPU = Debug|Any CPU
		Release|Any CPU = Release|Any CPU
	EndGlobalSection
	GlobalSection(ProjectConfigurationPlatforms) = postSolution
		{C90A8BD8-1931-EC0F-F136-C69A1E742251}.Debug|Any CPU.ActiveCfg = Debug|Any CPU
		{C90A8BD8-1931-EC0F-F136-C69A1E742251}.Debug|Any CPU.Build.0 = Debug|Any CPU
		{C90A8BD8-1931-EC0F-F136-C69A1E742251}.Release|Any CPU.ActiveCfg = Release|Any CPU
		{C90A8BD8-1931-EC0F-F136-C69A1E742251}.Release|Any CPU.Build.0 = Release|Any CPU
		{095DBEFD-CEAB-FE19-B869-6B8AD7FC371D}.Debug|Any CPU.ActiveCfg = Debug|Any CPU
		{095DBEFD-CEAB-FE19-B869-6B8AD7FC371D}.Debug|Any CPU.Build.0 = Debug|Any CPU
		{095DBEFD-CEAB-FE19-B869-6B8AD7FC371D}.Release|Any CPU.ActiveCfg = Release|Any CPU
		{095DBEFD-CEAB-FE19-B869-6B8AD7FC371D}.Release|Any CPU.Build.0 = Release|Any CPU
		{3EF422E9-5BDC-B4EB-F084-259EF86975F1}.Debug|Any CPU.ActiveCfg = Debug|Any CPU
		{3EF422E9-5BDC-B4EB-F084-259EF86975F1}.Debug|Any CPU.Build.0 = Debug|Any CPU
		{3EF422E9-5BDC-B4EB-F084-259EF86975F1}.Release|Any CPU.ActiveCfg = Release|Any CPU
		{3EF422E9-5BDC-B4EB-F084-259EF86975F1}.Release|Any CPU.Build.0 = Release|Any CPU
		{0E884BCA-A63F-0C93-DB38-85010C4B8476}.Debug|Any CPU.ActiveCfg = Debug|Any CPU
		{0E884BCA-A63F-0C93-DB38-85010C4B8476}.Debug|Any CPU.Build.0 = Debug|Any CPU
		{0E884BCA-A63F-0C93-DB38-85010C4B8476}.Release|Any CPU.ActiveCfg = Release|Any CPU
		{0E884BCA-A63F-0C93-DB38-85010C4B8476}.Release|Any CPU.Build.0 = Release|Any CPU
	EndGlobalSection
	GlobalSection(SolutionProperties) = preSolution
		HideSolutionNode = FALSE
	EndGlobalSection
	GlobalSection(MonoDevelopProperties) = preSolution
		StartupItem = Assembly-CSharp.csproj
	EndGlobalSection
EndGlobal
